
Microsoft Visual Studio Solution File, Format Version 12.00
# Visual Studio 15
VisualStudioVersion = 15.0.28307.102
MinimumVisualStudioVersion = 10.0.40219.1
Project("{8BC9CEB8-8B4A-11D0-8D11-00A0C91BC942}") = "CSGO-External-Main", "CSGO-External-Main\CSGO-External-Main.vcxproj", "{8B6E1376-AC6A-4583-B8B7-4FB7D7A96AF6}"
EndProject
Global
	GlobalSection(SolutionConfigurationPlatforms) = preSolution
		Debug|x64 = Debug|x64
		Debug|x86 = Debug|x86
		Release|x64 = Release|x64
		Release|x86 = Release|x86
	EndGlobalSection
	GlobalSection(ProjectConfigurationPlatforms) = postSolution
		{8B6E1376-AC6A-4583-B8B7-4FB7D7A96AF6}.Debug|x64.ActiveCfg = Debug|x64
		{8B6E1376-AC6A-4583-B8B7-4FB7D7A96AF6}.Debug|x64.Build.0 = Debug|x64
		{8B6E1376-AC6A-4583-B8B7-4FB7D7A96AF6}.Debug|x86.ActiveCfg = Debug|Win32
		{8B6E1376-AC6A-4583-B8B7-4FB7D7A96AF6}.Debug|x86.Build.0 = Debug|Win32
		{8B6E1376-AC6A-4583-B8B7-4FB7D7A96AF6}.Release|x64.ActiveCfg = Release|x64
		{8B6E1376-AC6A-4583-B8B7-4FB7D7A96AF6}.Release|x64.Build.0 = Release|x64
		{8B6E1376-AC6A-4583-B8B7-4FB7D7A96AF6}.Release|x86.ActiveCfg = Release|Win32
		{8B6E1376-AC6A-4583-B8B7-4FB7D7A96AF6}.Release|x86.Build.0 = Release|Win32
	EndGlobalSection
	GlobalSection(SolutionProperties) = preSolution
		HideSolutionNode = FALSE
	EndGlobalSection
	GlobalSection(ExtensibilityGlobals) = postSolution
		SolutionGuid = {3881BCF6-2921-48C5-A1E4-C9E9B76062E5}
	EndGlobalSection
EndGlobal
